PODS:
  - Alamofire (4.5.0)

DEPENDENCIES:
  - Alamofire (from `git@github.com:Alamofire/Alamofire.git`)

EXTERNAL SOURCES:
  Alamofire:
    :git: git@github.com:Alamofire/Alamofire.git

CHECKOUT OPTIONS:
  Alamofire:
    :commit: 7fe7b918b746fbb4b7a7c2146bef7a88c7ddc54e
    :git: git@github.com:Alamofire/Alamofire.git

SPEC CHECKSUMS:
  Alamofire: 2983f0804e7566e66b937f5e7ef4aeba7b910426

PODFILE CHECKSUM: b212fe31215691b7acb60127933a73a3c8d85714

COCOAPODS: 1.2.1
