PODS:
  - Alamofire (4.4.0)

DEPENDENCIES:
  - Alamofire (from `git@github.com:Alamofire/Alamofire.git`)

EXTERNAL SOURCES:
  Alamofire:
    :git: git@github.com:Alamofire/Alamofire.git

CHECKOUT OPTIONS:
  Alamofire:
    :commit: 22d4d74a419917ea122c23006cbc183aea5d84f8
    :git: git@github.com:Alamofire/Alamofire.git

SPEC CHECKSUMS:
  Alamofire: 4c2bf7fa03c4a626163606de0a417568c270575e

PODFILE CHECKSUM: 231a5081aee0c337ce81d09615ee0b5aa23bbffc

COCOAPODS: 1.2.1
